
Microsoft Visual Studio Solution File, Format Version 12.00
# Visual Studio Version 16
VisualStudioVersion = 16.0.30711.63
MinimumVisualStudioVersion = 10.0.40219.1
Project("{9A19103F-16F7-4668-BE54-9A1E7A4F7556}") = "ClientesApi", "ClientesApi\ClientesApi.csproj", "{CBFAFDDC-75DD-4D72-84DC-A360C6F87D44}"
EndProject
Project("{9A19103F-16F7-4668-BE54-9A1E7A4F7556}") = "Commands", "Commands\Commands.csproj", "{47A3068D-A886-401D-B487-D4C5DAF1A81F}"
EndProject
Project("{2150E333-8FDC-42A3-9474-1A3956D46DE8}") = "Api", "Api", "{95257D60-1679-4249-B696-BECA08876AA1}"
EndProject
Project("{2150E333-8FDC-42A3-9474-1A3956D46DE8}") = "LibraryAndInfra", "LibraryAndInfra", "{9EA5BC44-E646-4BE8-ACA8-679400A2CD2B}"
EndProject
Project("{9A19103F-16F7-4668-BE54-9A1E7A4F7556}") = "Domain", "Domain\Domain.csproj", "{091C11E3-334C-44D7-AEE4-944626055542}"
EndProject
Project("{9A19103F-16F7-4668-BE54-9A1E7A4F7556}") = "Infrastructure", "Infrastructure\Infrastructure.csproj", "{AAC90BF5-994A-4E5B-965E-AF510BD1DB9A}"
EndProject
Project("{2150E333-8FDC-42A3-9474-1A3956D46DE8}") = "Tests", "Tests", "{2F1724E7-EC20-4678-AE82-66639BE15688}"
EndProject
Project("{9A19103F-16F7-4668-BE54-9A1E7A4F7556}") = "FuncionalTests", "FuncionalTests\FuncionalTests.csproj", "{79E43A0B-6C82-4B4C-A27D-FE770A358270}"
EndProject
Project("{9A19103F-16F7-4668-BE54-9A1E7A4F7556}") = "CrossCutting", "CrossCutting\CrossCutting.csproj", "{8D5D0B11-328F-493D-8213-FC7E2423CF9B}"
EndProject
Project("{9A19103F-16F7-4668-BE54-9A1E7A4F7556}") = "CrossCuttingIoc", "CrossCutting.Ioc\CrossCuttingIoc.csproj", "{A68C515D-4F7A-41B8-9FD9-675694974E6C}"
EndProject
Project("{9A19103F-16F7-4668-BE54-9A1E7A4F7556}") = "Queries", "Queries\Queries.csproj", "{923EAFC8-56DD-4234-A2C6-24B4BDCB9F8E}"
EndProject
Project("{2150E333-8FDC-42A3-9474-1A3956D46DE8}") = "Application", "Application", "{544E0266-1B2C-4053-8979-D5D73B497491}"
EndProject
Project("{2150E333-8FDC-42A3-9474-1A3956D46DE8}") = "Infrastruture", "Infrastruture", "{78B4CDB9-F3CD-4259-8A3C-5B391877F489}"
EndProject
Global
	GlobalSection(SolutionConfigurationPlatforms) = preSolution
		Debug|Any CPU = Debug|Any CPU
		Release|Any CPU = Release|Any CPU
	EndGlobalSection
	GlobalSection(ProjectConfigurationPlatforms) = postSolution
		{CBFAFDDC-75DD-4D72-84DC-A360C6F87D44}.Debug|Any CPU.ActiveCfg = Debug|Any CPU
		{CBFAFDDC-75DD-4D72-84DC-A360C6F87D44}.Debug|Any CPU.Build.0 = Debug|Any CPU
		{CBFAFDDC-75DD-4D72-84DC-A360C6F87D44}.Release|Any CPU.ActiveCfg = Release|Any CPU
		{CBFAFDDC-75DD-4D72-84DC-A360C6F87D44}.Release|Any CPU.Build.0 = Release|Any CPU
		{47A3068D-A886-401D-B487-D4C5DAF1A81F}.Debug|Any CPU.ActiveCfg = Debug|Any CPU
		{47A3068D-A886-401D-B487-D4C5DAF1A81F}.Debug|Any CPU.Build.0 = Debug|Any CPU
		{47A3068D-A886-401D-B487-D4C5DAF1A81F}.Release|Any CPU.ActiveCfg = Release|Any CPU
		{47A3068D-A886-401D-B487-D4C5DAF1A81F}.Release|Any CPU.Build.0 = Release|Any CPU
		{091C11E3-334C-44D7-AEE4-944626055542}.Debug|Any CPU.ActiveCfg = Debug|Any CPU
		{091C11E3-334C-44D7-AEE4-944626055542}.Debug|Any CPU.Build.0 = Debug|Any CPU
		{091C11E3-334C-44D7-AEE4-944626055542}.Release|Any CPU.ActiveCfg = Release|Any CPU
		{091C11E3-334C-44D7-AEE4-944626055542}.Release|Any CPU.Build.0 = Release|Any CPU
		{AAC90BF5-994A-4E5B-965E-AF510BD1DB9A}.Debug|Any CPU.ActiveCfg = Debug|Any CPU
		{AAC90BF5-994A-4E5B-965E-AF510BD1DB9A}.Debug|Any CPU.Build.0 = Debug|Any CPU
		{AAC90BF5-994A-4E5B-965E-AF510BD1DB9A}.Release|Any CPU.ActiveCfg = Release|Any CPU
		{AAC90BF5-994A-4E5B-965E-AF510BD1DB9A}.Release|Any CPU.Build.0 = Release|Any CPU
		{79E43A0B-6C82-4B4C-A27D-FE770A358270}.Debug|Any CPU.ActiveCfg = Debug|Any CPU
		{79E43A0B-6C82-4B4C-A27D-FE770A358270}.Debug|Any CPU.Build.0 = Debug|Any CPU
		{79E43A0B-6C82-4B4C-A27D-FE770A358270}.Release|Any CPU.ActiveCfg = Release|Any CPU
		{79E43A0B-6C82-4B4C-A27D-FE770A358270}.Release|Any CPU.Build.0 = Release|Any CPU
		{8D5D0B11-328F-493D-8213-FC7E2423CF9B}.Debug|Any CPU.ActiveCfg = Debug|Any CPU
		{8D5D0B11-328F-493D-8213-FC7E2423CF9B}.Debug|Any CPU.Build.0 = Debug|Any CPU
		{8D5D0B11-328F-493D-8213-FC7E2423CF9B}.Release|Any CPU.ActiveCfg = Release|Any CPU
		{8D5D0B11-328F-493D-8213-FC7E2423CF9B}.Release|Any CPU.Build.0 = Release|Any CPU
		{A68C515D-4F7A-41B8-9FD9-675694974E6C}.Debug|Any CPU.ActiveCfg = Debug|Any CPU
		{A68C515D-4F7A-41B8-9FD9-675694974E6C}.Debug|Any CPU.Build.0 = Debug|Any CPU
		{A68C515D-4F7A-41B8-9FD9-675694974E6C}.Release|Any CPU.ActiveCfg = Release|Any CPU
		{A68C515D-4F7A-41B8-9FD9-675694974E6C}.Release|Any CPU.Build.0 = Release|Any CPU
		{923EAFC8-56DD-4234-A2C6-24B4BDCB9F8E}.Debug|Any CPU.ActiveCfg = Debug|Any CPU
		{923EAFC8-56DD-4234-A2C6-24B4BDCB9F8E}.Debug|Any CPU.Build.0 = Debug|Any CPU
		{923EAFC8-56DD-4234-A2C6-24B4BDCB9F8E}.Release|Any CPU.ActiveCfg = Release|Any CPU
		{923EAFC8-56DD-4234-A2C6-24B4BDCB9F8E}.Release|Any CPU.Build.0 = Release|Any CPU
	EndGlobalSection
	GlobalSection(SolutionProperties) = preSolution
		HideSolutionNode = FALSE
	EndGlobalSection
	GlobalSection(NestedProjects) = preSolution
		{CBFAFDDC-75DD-4D72-84DC-A360C6F87D44} = {95257D60-1679-4249-B696-BECA08876AA1}
		{47A3068D-A886-401D-B487-D4C5DAF1A81F} = {544E0266-1B2C-4053-8979-D5D73B497491}
		{091C11E3-334C-44D7-AEE4-944626055542} = {544E0266-1B2C-4053-8979-D5D73B497491}
		{AAC90BF5-994A-4E5B-965E-AF510BD1DB9A} = {78B4CDB9-F3CD-4259-8A3C-5B391877F489}
		{79E43A0B-6C82-4B4C-A27D-FE770A358270} = {2F1724E7-EC20-4678-AE82-66639BE15688}
		{8D5D0B11-328F-493D-8213-FC7E2423CF9B} = {78B4CDB9-F3CD-4259-8A3C-5B391877F489}
		{A68C515D-4F7A-41B8-9FD9-675694974E6C} = {78B4CDB9-F3CD-4259-8A3C-5B391877F489}
		{923EAFC8-56DD-4234-A2C6-24B4BDCB9F8E} = {544E0266-1B2C-4053-8979-D5D73B497491}
		{544E0266-1B2C-4053-8979-D5D73B497491} = {9EA5BC44-E646-4BE8-ACA8-679400A2CD2B}
		{78B4CDB9-F3CD-4259-8A3C-5B391877F489} = {9EA5BC44-E646-4BE8-ACA8-679400A2CD2B}
	EndGlobalSection
	GlobalSection(ExtensibilityGlobals) = postSolution
		SolutionGuid = {CC7A724A-E60E-4E6F-B685-5CD9A80CFA12}
	EndGlobalSection
EndGlobal
